{
  "name": "chrome100",
  "lockfileVersion": 3,
  "requires": true,
  "packages": {
    "": {
      "name": "chrome100",
      "dependencies": {
        "chrome-versions": "^1.1.5",
        "github-markdown-css": "^5.6.1"
      }
    },
    "node_modules/chrome-versions": {
      "version": "1.1.5",
      "resolved": "https://registry.npmjs.org/chrome-versions/-/chrome-versions-1.1.5.tgz",
      "integrity": "sha512-F4VZHLmYPqsGAgiMlOXsO/Wb7ckpCgxoV0cKC4J/5I1LLOYHX1KGkMMVussNU5SGih5CzTLJNJjTW8PTqPt76g==",
      "license": "ISC"
    },
    "node_modules/github-markdown-css": {
      "version": "5.6.1",
      "resolved": "https://registry.npmjs.org/github-markdown-css/-/github-markdown-css-5.6.1.tgz",
      "integrity": "sha512-DItLFgHd+s7HQmk63YN4/TdvLeRqk1QP7pPKTTPrDTYoI5x7f/luJWSOZxesmuxBI2srHp8RDyoZd+9WF+WK8Q==",
      "engines": {
        "node": ">=10"
      },
      "funding": {
        "url": "https://github.com/sponsors/sindresorhus"
      }
    }
  }
}
