{
    "name": "chrome100",
    "lockfileVersion": 3,
    "requires": true,
    "packages": {
        "": {
            "name": "chrome100",
            "dependencies": {
                "chrome-versions": "^1.1.3",
                "github-markdown-css": "^5.5.1"
            }
        },
        "node_modules/chrome-versions": {
            "version": "1.1.3",
            "resolved": "https://registry.npmjs.org/chrome-versions/-/chrome-versions-1.1.3.tgz",
            "integrity": "sha512-UAqpKvazWvwSGrtBaOdqlx56pcOrj8u+JKMkFIyVbgH+DDtzRCSIKSy20KMWQCXH4R9Wi1ybI3DqXrYOft5soA=="
        },
        "node_modules/github-markdown-css": {
            "version": "5.5.1",
            "resolved": "https://registry.npmjs.org/github-markdown-css/-/github-markdown-css-5.5.1.tgz",
            "integrity": "sha512-2osyhNgFt7DEHnGHbgIifWawAqlc68gjJiGwO1xNw/S48jivj8kVaocsVkyJqUi3fm7fdYIDi4C6yOtcqR/aEQ==",
            "engines": {
                "node": ">=10"
            },
            "funding": {
                "url": "https://github.com/sponsors/sindresorhus"
            }
        }
    }
}
